
Microsoft Visual Studio Solution File, Format Version 12.00
# Visual Studio 14
VisualStudioVersion = 14.0.25420.1
MinimumVisualStudioVersion = 10.0.40219.1
Project("{FAE04EC0-301F-11D3-BF4B-00C04F79EFBC}") = "ConfigAndLog4net", "ConfigAndLog4net\ConfigAndLog4net.csproj", "{C12D6247-5F60-4853-8555-18CD0A880073}"
EndProject
Project("{FAE04EC0-301F-11D3-BF4B-00C04F79EFBC}") = "ConfigAndLog4netWin", "ConfigAndLog4netWin\ConfigAndLog4netWin.csproj", "{B53533EA-15A0-4DFC-AECF-8D4812D4BD62}"
EndProject
Global
	GlobalSection(SolutionConfigurationPlatforms) = preSolution
		Debug|Any CPU = Debug|Any CPU
		Release|Any CPU = Release|Any CPU
	EndGlobalSection
	GlobalSection(ProjectConfigurationPlatforms) = postSolution
		{C12D6247-5F60-4853-8555-18CD0A880073}.Debug|Any CPU.ActiveCfg = Debug|Any CPU
		{C12D6247-5F60-4853-8555-18CD0A880073}.Debug|Any CPU.Build.0 = Debug|Any CPU
		{C12D6247-5F60-4853-8555-18CD0A880073}.Release|Any CPU.ActiveCfg = Release|Any CPU
		{C12D6247-5F60-4853-8555-18CD0A880073}.Release|Any CPU.Build.0 = Release|Any CPU
		{B53533EA-15A0-4DFC-AECF-8D4812D4BD62}.Debug|Any CPU.ActiveCfg = Debug|Any CPU
		{B53533EA-15A0-4DFC-AECF-8D4812D4BD62}.Debug|Any CPU.Build.0 = Debug|Any CPU
		{B53533EA-15A0-4DFC-AECF-8D4812D4BD62}.Release|Any CPU.ActiveCfg = Release|Any CPU
		{B53533EA-15A0-4DFC-AECF-8D4812D4BD62}.Release|Any CPU.Build.0 = Release|Any CPU
	EndGlobalSection
	GlobalSection(SolutionProperties) = preSolution
		HideSolutionNode = FALSE
	EndGlobalSection
EndGlobal
